// !$*UTF8*$!
{
	archiveVersion = 1;
	classes = {
	};
	objectVersion = 46;
	objects = {

/* Begin PBXBuildFile section */
		7344D0F41A3045870029EEF2 /* main.m in Sources */ = {isa = PBXBuildFile; fileRef = 7344D0F31A3045870029EEF2 /* main.m */; };
		7344D0F71A3045870029EEF2 /* AppDelegate.m in Sources */ = {isa = PBXBuildFile; fileRef = 7344D0F61A3045870029EEF2 /* AppDelegate.m */; };
		7344D0FA1A3045870029EEF2 /* ViewController.m in Sources */ = {isa = PBXBuildFile; fileRef = 7344D0F91A3045870029EEF2 /* ViewController.m */; };
		7344D0FD1A3045870029EEF2 /* Main.storyboard in Resources */ = {isa = PBXBuildFile; fileRef = 7344D0FB1A3045870029EEF2 /* Main.storyboard */; };
		7344D0FF1A3045870029EEF2 /* Images.xcassets in Resources */ = {isa = PBXBuildFile; fileRef = 7344D0FE1A3045870029EEF2 /* Images.xcassets */; };
		7344D1021A3045870029EEF2 /* LaunchScreen.xib in Resources */ = {isa = PBXBuildFile; fileRef = 7344D1001A3045870029EEF2 /* LaunchScreen.xib */; };
		7344D10E1A3045870029EEF2 /* DevOpsSampleTests.m in Sources */ = {isa = PBXBuildFile; fileRef = 7344D10D1A3045870029EEF2 /* DevOpsSampleTests.m */; };
/* End PBXBuildFile section */

/* Begin PBXContainerItemProxy section */
		7344D1081A3045870029EEF2 /* PBXContainerItemProxy */ = {
			isa = PBXContainerItemProxy;
			containerPortal = 7344D0E61A3045870029EEF2 /* Project object */;
			proxyType = 1;
			remoteGlobalIDString = 7344D0ED1A3045870029EEF2;
			remoteInfo = DevOpsSample;
		};
/* End PBXContainerItemProxy section */

/* Begin PBXFileReference section */
		7344D0EE1A3045870029EEF2 /* DevOpsSample.app */ = {isa = PBXFileReference; explicitFileType = wrapper.application; includeInIndex = 0; path = DevOpsSample.app; sourceTree = BUILT_PRODUCTS_DIR; };
		7344D0F21A3045870029EEF2 /* Info.plist */ = {isa = PBXFileReference; lastKnownFileType = text.plist.xml; path = Info.plist; sourceTree = "<group>"; };
		7344D0F31A3045870029EEF2 /* main.m */ = {isa = PBXFileReference; lastKnownFileType = sourcecode.c.objc; path = main.m; sourceTree = "<group>"; };
		7344D0F51A3045870029EEF2 /* AppDelegate.h */ = {isa = PBXFileReference; lastKnownFileType = sourcecode.c.h; path = AppDelegate.h; sourceTree = "<group>"; };
		7344D0F61A3045870029EEF2 /* AppDelegate.m */ = {isa = PBXFileReference; lastKnownFileType = sourcecode.c.objc; path = AppDelegate.m; sourceTree = "<group>"; };
		7344D0F81A3045870029EEF2 /* ViewController.h */ = {isa = PBXFileReference; lastKnownFileType = sourcecode.c.h; path = ViewController.h; sourceTree = "<group>"; };
		7344D0F91A3045870029EEF2 /* ViewController.m */ = {isa = PBXFileReference; lastKnownFileType = sourcecode.c.objc; path = ViewController.m; sourceTree = "<group>"; };
		7344D0FC1A3045870029EEF2 /* Base */ = {isa = PBXFileReference; lastKnownFileType = file.storyboard; name = Base; path = Base.lproj/Main.storyboard; sourceTree = "<group>"; };
		7344D0FE1A3045870029EEF2 /* Images.xcassets */ = {isa = PBXFileReference; lastKnownFileType = folder.assetcatalog; path = Images.xcassets; sourceTree = "<group>"; };
		7344D1011A3045870029EEF2 /* Base */ = {isa = PBXFileReference; lastKnownFileType = file.xib; name = Base; path = Base.lproj/LaunchScreen.xib; sourceTree = "<group>"; };
		7344D1071A3045870029EEF2 /* DevOpsSampleTests.xctest */ = {isa = PBXFileReference; explicitFileType = wrapper.cfbundle; includeInIndex = 0; path = DevOpsSampleTests.xctest; sourceTree = BUILT_PRODUCTS_DIR; };
		7344D10C1A3045870029EEF2 /* Info.plist */ = {isa = PBXFileReference; lastKnownFileType = text.plist.xml; path = Info.plist; sourceTree = "<group>"; };
		7344D10D1A3045870029EEF2 /* DevOpsSampleTests.m */ = {isa = PBXFileReference; lastKnownFileType = sourcecode.c.objc; path = DevOpsSampleTests.m; sourceTree = "<group>"; };
/* End PBXFileReference section */

/* Begin PBXFrameworksBuildPhase section */
		7344D0EB1A3045870029EEF2 /* Frameworks */ = {
			isa = PBXFrameworksBuildPhase;
			buildActionMask = 2147483647;
			files = (
			);
			runOnlyForDeploymentPostprocessing = 0;
		};
		7344D1041A3045870029EEF2 /* Frameworks */ = {
			isa = PBXFrameworksBuildPhase;
			buildActionMask = 2147483647;
			files = (
			);
			runOnlyForDeploymentPostprocessing = 0;
		};
/* End PBXFrameworksBuildPhase section */

/* Begin PBXGroup section */
		7344D0E51A3045870029EEF2 = {
			isa = PBXGroup;
			children = (
				7344D0F01A3045870029EEF2 /* DevOpsSample */,
				7344D10A1A3045870029EEF2 /* DevOpsSampleTests */,
				7344D0EF1A3045870029EEF2 /* Products */,
			);
			sourceTree = "<group>";
		};
		7344D0EF1A3045870029EEF2 /* Products */ = {
			isa = PBXGroup;
			children = (
				7344D0EE1A3045870029EEF2 /* DevOpsSample.app */,
				7344D1071A3045870029EEF2 /* DevOpsSampleTests.xctest */,
			);
			name = Products;
			sourceTree = "<group>";
		};
		7344D0F01A3045870029EEF2 /* DevOpsSample */ = {
			isa = PBXGroup;
			children = (
				7344D0F51A3045870029EEF2 /* AppDelegate.h */,
				7344D0F61A3045870029EEF2 /* AppDelegate.m */,
				7344D0F81A3045870029EEF2 /* ViewController.h */,
				7344D0F91A3045870029EEF2 /* ViewController.m */,
				7344D0FB1A3045870029EEF2 /* Main.storyboard */,
				7344D0FE1A3045870029EEF2 /* Images.xcassets */,
				7344D1001A3045870029EEF2 /* LaunchScreen.xib */,
				7344D0F11A3045870029EEF2 /* Supporting Files */,
			);
			path = DevOpsSample;
			sourceTree = "<group>";
		};
		7344D0F11A3045870029EEF2 /* Supporting Files */ = {
			isa = PBXGroup;
			children = (
				7344D0F21A3045870029EEF2 /* Info.plist */,
				7344D0F31A3045870029EEF2 /* main.m */,
			);
			name = "Supporting Files";
			sourceTree = "<group>";
		};
		7344D10A1A3045870029EEF2 /* DevOpsSampleTests */ = {
			isa = PBXGroup;
			children = (
				7344D10D1A3045870029EEF2 /* DevOpsSampleTests.m */,
				7344D10B1A3045870029EEF2 /* Supporting Files */,
			);
			path = DevOpsSampleTests;
			sourceTree = "<group>";
		};
		7344D10B1A3045870029EEF2 /* Supporting Files */ = {
			isa = PBXGroup;
			children = (
				7344D10C1A3045870029EEF2 /* Info.plist */,
			);
			name = "Supporting Files";
			sourceTree = "<group>";
		};
/* End PBXGroup section */

/* Begin PBXNativeTarget section */
		7344D0ED1A3045870029EEF2 /* DevOpsSample */ = {
			isa = PBXNativeTarget;
			buildConfigurationList = 7344D1111A3045870029EEF2 /* Build configuration list for PBXNativeTarget "DevOpsSample" */;
			buildPhases = (
				7344D0EA1A3045870029EEF2 /* Sources */,
				7344D0EB1A3045870029EEF2 /* Frameworks */,
				7344D0EC1A3045870029EEF2 /* Resources */,
			);
			buildRules = (
			);
			dependencies = (
			);
			name = DevOpsSample;
			productName = DevOpsSample;
			productReference = 7344D0EE1A3045870029EEF2 /* DevOpsSample.app */;
			productType = "com.apple.product-type.application";
		};
		7344D1061A3045870029EEF2 /* DevOpsSampleTests */ = {
			isa = PBXNativeTarget;
			buildConfigurationList = 7344D1141A3045870029EEF2 /* Build configuration list for PBXNativeTarget "DevOpsSampleTests" */;
			buildPhases = (
				7344D1031A3045870029EEF2 /* Sources */,
				7344D1041A3045870029EEF2 /* Frameworks */,
				7344D1051A3045870029EEF2 /* Resources */,
			);
			buildRules = (
			);
			dependencies = (
				7344D1091A3045870029EEF2 /* PBXTargetDependency */,
			);
			name = DevOpsSampleTests;
			productName = DevOpsSampleTests;
			productReference = 7344D1071A3045870029EEF2 /* DevOpsSampleTests.xctest */;
			productType = "com.apple.product-type.bundle.unit-test";
		};
/* End PBXNativeTarget section */

/* Begin PBXProject section */
		7344D0E61A3045870029EEF2 /* Project object */ = {
			isa = PBXProject;
			attributes = {
				LastUpgradeCheck = 0600;
				ORGANIZATIONNAME = Nisheeth;
				TargetAttributes = {
					7344D0ED1A3045870029EEF2 = {
						CreatedOnToolsVersion = 6.0.1;
					};
					7344D1061A3045870029EEF2 = {
						CreatedOnToolsVersion = 6.0.1;
						TestTargetID = 7344D0ED1A3045870029EEF2;
					};
				};
			};
			buildConfigurationList = 7344D0E91A3045870029EEF2 /* Build configuration list for PBXProject "DevOpsSample" */;
			compatibilityVersion = "Xcode 3.2";
			developmentRegion = English;
			hasScannedForEncodings = 0;
			knownRegions = (
				en,
				Base,
			);
			mainGroup = 7344D0E51A3045870029EEF2;
			productRefGroup = 7344D0EF1A3045870029EEF2 /* Products */;
			projectDirPath = "";
			projectRoot = "";
			targets = (
				7344D0ED1A3045870029EEF2 /* DevOpsSample */,
				7344D1061A3045870029EEF2 /* DevOpsSampleTests */,
			);
		};
/* End PBXProject section */

/* Begin PBXResourcesBuildPhase section */
		7344D0EC1A3045870029EEF2 /* Resources */ = {
			isa = PBXResourcesBuildPhase;
			buildActionMask = 2147483647;
			files = (
				7344D0FD1A3045870029EEF2 /* Main.storyboard in Resources */,
				7344D1021A3045870029EEF2 /* LaunchScreen.xib in Resources */,
				7344D0FF1A3045870029EEF2 /* Images.xcassets in Resources */,
			);
			runOnlyForDeploymentPostprocessing = 0;
		};
		7344D1051A3045870029EEF2 /* Resources */ = {
			isa = PBXResourcesBuildPhase;
			buildActionMask = 2147483647;
			files = (
			);
			runOnlyForDeploymentPostprocessing = 0;
		};
/* End PBXResourcesBuildPhase section */

/* Begin PBXSourcesBuildPhase section */
		7344D0EA1A3045870029EEF2 /* Sources */ = {
			isa = PBXSourcesBuildPhase;
			buildActionMask = 2147483647;
			files = (
				7344D0FA1A3045870029EEF2 /* ViewController.m in Sources */,
				7344D0F71A3045870029EEF2 /* AppDelegate.m in Sources */,
				7344D0F41A3045870029EEF2 /* main.m in Sources */,
			);
			runOnlyForDeploymentPostprocessing = 0;
		};
		7344D1031A3045870029EEF2 /* Sources */ = {
			isa = PBXSourcesBuildPhase;
			buildActionMask = 2147483647;
			files = (
				7344D10E1A3045870029EEF2 /* DevOpsSampleTests.m in Sources */,
			);
			runOnlyForDeploymentPostprocessing = 0;
		};
/* End PBXSourcesBuildPhase section */

/* Begin PBXTargetDependency section */
		7344D1091A3045870029EEF2 /* PBXTargetDependency */ = {
			isa = PBXTargetDependency;
			target = 7344D0ED1A3045870029EEF2 /* DevOpsSample */;
			targetProxy = 7344D1081A3045870029EEF2 /* PBXContainerItemProxy */;
		};
/* End PBXTargetDependency section */

/* Begin PBXVariantGroup section */
		7344D0FB1A3045870029EEF2 /* Main.storyboard */ = {
			isa = PBXVariantGroup;
			children = (
				7344D0FC1A3045870029EEF2 /* Base */,
			);
			name = Main.storyboard;
			sourceTree = "<group>";
		};
		7344D1001A3045870029EEF2 /* LaunchScreen.xib */ = {
			isa = PBXVariantGroup;
			children = (
				7344D1011A3045870029EEF2 /* Base */,
			);
			name = LaunchScreen.xib;
			sourceTree = "<group>";
		};
/* End PBXVariantGroup section */

/* Begin XCBuildConfiguration section */
		7344D10F1A3045870029EEF2 /* Debug */ = {
			isa = XCBuildConfiguration;
			buildSettings = {
				ALWAYS_SEARCH_USER_PATHS = NO;
				CLANG_CXX_LANGUAGE_STANDARD = "gnu++0x";
				CLANG_CXX_LIBRARY = "libc++";
				CLANG_ENABLE_MODULES = YES;
				CLANG_ENABLE_OBJC_ARC = YES;
				CLANG_WARN_BOOL_CONVERSION = YES;
				CLANG_WARN_CONSTANT_CONVERSION = YES;
				CLANG_WARN_DIRECT_OBJC_ISA_USAGE = YES_ERROR;
				CLANG_WARN_EMPTY_BODY = YES;
				CLANG_WARN_ENUM_CONVERSION = YES;
				CLANG_WARN_INT_CONVERSION = YES;
				CLANG_WARN_OBJC_ROOT_CLASS = YES_ERROR;
				CLANG_WARN_UNREACHABLE_CODE = YES;
				CLANG_WARN__DUPLICATE_METHOD_MATCH = YES;
				"CODE_SIGN_IDENTITY[sdk=iphoneos*]" = "iPhone Developer";
				COPY_PHASE_STRIP = NO;
				ENABLE_STRICT_OBJC_MSGSEND = YES;
				GCC_C_LANGUAGE_STANDARD = gnu99;
				GCC_DYNAMIC_NO_PIC = NO;
				GCC_OPTIMIZATION_LEVEL = 0;
				GCC_PREPROCESSOR_DEFINITIONS = (
					"DEBUG=1",
					"$(inherited)",
				);
				GCC_SYMBOLS_PRIVATE_EXTERN = NO;
				GCC_WARN_64_TO_32_BIT_CONVERSION = YES;
				GCC_WARN_ABOUT_RETURN_TYPE = YES_ERROR;
				GCC_WARN_UNDECLARED_SELECTOR = YES;
				GCC_WARN_UNINITIALIZED_AUTOS = YES_AGGRESSIVE;
				GCC_WARN_UNUSED_FUNCTION = YES;
				GCC_WARN_UNUSED_VARIABLE = YES;
				IPHONEOS_DEPLOYMENT_TARGET = 8.0;
				MTL_ENABLE_DEBUG_INFO = YES;
				ONLY_ACTIVE_ARCH = YES;
				SDKROOT = iphoneos;
			};
			name = Debug;
		};
		7344D1101A3045870029EEF2 /* Release */ = {
			isa = XCBuildConfiguration;
			buildSettings = {
				ALWAYS_SEARCH_USER_PATHS = NO;
				CLANG_CXX_LANGUAGE_STANDARD = "gnu++0x";
				CLANG_CXX_LIBRARY = "libc++";
				CLANG_ENABLE_MODULES = YES;
				CLANG_ENABLE_OBJC_ARC = YES;
				CLANG_WARN_BOOL_CONVERSION = YES;
				CLANG_WARN_CONSTANT_CONVERSION = YES;
				CLANG_WARN_DIRECT_OBJC_ISA_USAGE = YES_ERROR;
				CLANG_WARN_EMPTY_BODY = YES;
				CLANG_WARN_ENUM_CONVERSION = YES;
				CLANG_WARN_INT_CONVERSION = YES;
				CLANG_WARN_OBJC_ROOT_CLASS = YES_ERROR;
				CLANG_WARN_UNREACHABLE_CODE = YES;
				CLANG_WARN__DUPLICATE_METHOD_MATCH = YES;
				"CODE_SIGN_IDENTITY[sdk=iphoneos*]" = "iPhone Developer";
				COPY_PHASE_STRIP = YES;
				ENABLE_NS_ASSERTIONS = NO;
				ENABLE_STRICT_OBJC_MSGSEND = YES;
				GCC_C_LANGUAGE_STANDARD = gnu99;
				GCC_WARN_64_TO_32_BIT_CONVERSION = YES;
				GCC_WARN_ABOUT_RETURN_TYPE = YES_ERROR;
				GCC_WARN_UNDECLARED_SELECTOR = YES;
				GCC_WARN_UNINITIALIZED_AUTOS = YES_AGGRESSIVE;
				GCC_WARN_UNUSED_FUNCTION = YES;
				GCC_WARN_UNUSED_VARIABLE = YES;
				IPHONEOS_DEPLOYMENT_TARGET = 8.0;
				MTL_ENABLE_DEBUG_INFO = NO;
				SDKROOT = iphoneos;
				VALIDATE_PRODUCT = YES;
			};
			name = Release;
		};
		7344D1121A3045870029EEF2 /* Debug */ = {
			isa = XCBuildConfiguration;
			buildSettings = {
				ASSETCATALOG_COMPILER_APPICON_NAME = AppIcon;
				INFOPLIST_FILE = DevOpsSample/Info.plist;
				LD_RUNPATH_SEARCH_PATHS = "$(inherited) @executable_path/Frameworks";
				PRODUCT_NAME = "$(TARGET_NAME)";
			};
			name = Debug;
		};
		7344D1131A3045870029EEF2 /* Release */ = {
			isa = XCBuildConfiguration;
			buildSettings = {
				ASSETCATALOG_COMPILER_APPICON_NAME = AppIcon;
				INFOPLIST_FILE = DevOpsSample/Info.plist;
				LD_RUNPATH_SEARCH_PATHS = "$(inherited) @executable_path/Frameworks";
				PRODUCT_NAME = "$(TARGET_NAME)";
			};
			name = Release;
		};
		7344D1151A3045870029EEF2 /* Debug */ = {
			isa = XCBuildConfiguration;
			buildSettings = {
				BUNDLE_LOADER = "$(TEST_HOST)";
				FRAMEWORK_SEARCH_PATHS = (
					"$(SDKROOT)/Developer/Library/Frameworks",
					"$(inherited)",
				);
				GCC_PREPROCESSOR_DEFINITIONS = (
					"DEBUG=1",
					"$(inherited)",
				);
				INFOPLIST_FILE = DevOpsSampleTests/Info.plist;
				LD_RUNPATH_SEARCH_PATHS = "$(inherited) @executable_path/Frameworks @loader_path/Frameworks";
				PRODUCT_NAME = "$(TARGET_NAME)";
				TEST_HOST = "$(BUILT_PRODUCTS_DIR)/DevOpsSample.app/DevOpsSample";
			};
			name = Debug;
		};
		7344D1161A3045870029EEF2 /* Release */ = {
			isa = XCBuildConfiguration;
			buildSettings = {
				BUNDLE_LOADER = "$(TEST_HOST)";
				FRAMEWORK_SEARCH_PATHS = (
					"$(SDKROOT)/Developer/Library/Frameworks",
					"$(inherited)",
				);
				INFOPLIST_FILE = DevOpsSampleTests/Info.plist;
				LD_RUNPATH_SEARCH_PATHS = "$(inherited) @executable_path/Frameworks @loader_path/Frameworks";
				PRODUCT_NAME = "$(TARGET_NAME)";
				TEST_HOST = "$(BUILT_PRODUCTS_DIR)/DevOpsSample.app/DevOpsSample";
			};
			name = Release;
		};
/* End XCBuildConfiguration section */

/* Begin XCConfigurationList section */
		7344D0E91A3045870029EEF2 /* Build configuration list for PBXProject "DevOpsSample" */ = {
			isa = XCConfigurationList;
			buildConfigurations = (
				7344D10F1A3045870029EEF2 /* Debug */,
				7344D1101A3045870029EEF2 /* Release */,
			);
			defaultConfigurationIsVisible = 0;
			defaultConfigurationName = Release;
		};
		7344D1111A3045870029EEF2 /* Build configuration list for PBXNativeTarget "DevOpsSample" */ = {
			isa = XCConfigurationList;
			buildConfigurations = (
				7344D1121A3045870029EEF2 /* Debug */,
				7344D1131A3045870029EEF2 /* Release */,
			);
			defaultConfigurationIsVisible = 0;
			defaultConfigurationName = Release;
		};
		7344D1141A3045870029EEF2 /* Build configuration list for PBXNativeTarget "DevOpsSampleTests" */ = {
			isa = XCConfigurationList;
			buildConfigurations = (
				7344D1151A3045870029EEF2 /* Debug */,
				7344D1161A3045870029EEF2 /* Release */,
			);
			defaultConfigurationIsVisible = 0;
			defaultConfigurationName = Release;
		};
/* End XCConfigurationList section */
	};
	rootObject = 7344D0E61A3045870029EEF2 /* Project object */;
}
